// !$*UTF8*$!
{
	archiveVersion = 1;
	classes = {
	};
	objectVersion = 46;
	objects = {

/* Begin PBXBuildFile section */
		1F2A9F021F0582D9001304D1 /* WelcomeViewController.swift in Sources */ = {isa = PBXBuildFile; fileRef = 1F2A9F001F0582D9001304D1 /* WelcomeViewController.swift */; };
		1F2A9F031F0582D9001304D1 /* WelcomeViewController.xib in Resources */ = {isa = PBXBuildFile; fileRef = 1F2A9F011F0582D9001304D1 /* WelcomeViewController.xib */; };
		8F2BC3F81F057AC9006E62CC /* AppDelegate.swift in Sources */ = {isa = PBXBuildFile; fileRef = 8F2BC3F71F057AC9006E62CC /* AppDelegate.swift */; };
		8F2BC3FA1F057AC9006E62CC /* GameScene.sks in Resources */ = {isa = PBXBuildFile; fileRef = 8F2BC3F91F057AC9006E62CC /* GameScene.sks */; };
		8F2BC3FC1F057AC9006E62CC /* Actions.sks in Resources */ = {isa = PBXBuildFile; fileRef = 8F2BC3FB1F057AC9006E62CC /* Actions.sks */; };
		8F2BC3FE1F057AC9006E62CC /* GameScene.swift in Sources */ = {isa = PBXBuildFile; fileRef = 8F2BC3FD1F057AC9006E62CC /* GameScene.swift */; };
		8F2BC4001F057AC9006E62CC /* GameViewController.swift in Sources */ = {isa = PBXBuildFile; fileRef = 8F2BC3FF1F057AC9006E62CC /* GameViewController.swift */; };
		8F2BC4031F057AC9006E62CC /* Main.storyboard in Resources */ = {isa = PBXBuildFile; fileRef = 8F2BC4011F057AC9006E62CC /* Main.storyboard */; };
		8F2BC4051F057AC9006E62CC /* Assets.xcassets in Resources */ = {isa = PBXBuildFile; fileRef = 8F2BC4041F057AC9006E62CC /* Assets.xcassets */; };
		8F2BC4081F057AC9006E62CC /* LaunchScreen.storyboard in Resources */ = {isa = PBXBuildFile; fileRef = 8F2BC4061F057AC9006E62CC /* LaunchScreen.storyboard */; };
		8F2BC4131F057AC9006E62CC /* DrowsyDrivingFinalTests.swift in Sources */ = {isa = PBXBuildFile; fileRef = 8F2BC4121F057AC9006E62CC /* DrowsyDrivingFinalTests.swift */; };
		8F2BC41E1F057AC9006E62CC /* DrowsyDrivingFinalUITests.swift in Sources */ = {isa = PBXBuildFile; fileRef = 8F2BC41D1F057AC9006E62CC /* DrowsyDrivingFinalUITests.swift */; };
/* End PBXBuildFile section */

/* Begin PBXContainerItemProxy section */
		8F2BC40F1F057AC9006E62CC /* PBXContainerItemProxy */ = {
			isa = PBXContainerItemProxy;
			containerPortal = 8F2BC3EC1F057AC9006E62CC /* Project object */;
			proxyType = 1;
			remoteGlobalIDString = 8F2BC3F31F057AC9006E62CC;
			remoteInfo = DrowsyDrivingFinal;
		};
		8F2BC41A1F057AC9006E62CC /* PBXContainerItemProxy */ = {
			isa = PBXContainerItemProxy;
			containerPortal = 8F2BC3EC1F057AC9006E62CC /* Project object */;
			proxyType = 1;
			remoteGlobalIDString = 8F2BC3F31F057AC9006E62CC;
			remoteInfo = DrowsyDrivingFinal;
		};
/* End PBXContainerItemProxy section */

/* Begin PBXFileReference section */
		1F2A9F001F0582D9001304D1 /* WelcomeViewController.swift */ = {isa = PBXFileReference; fileEncoding = 4; lastKnownFileType = sourcecode.swift; path = WelcomeViewController.swift; sourceTree = "<group>"; };
		1F2A9F011F0582D9001304D1 /* WelcomeViewController.xib */ = {isa = PBXFileReference; fileEncoding = 4; lastKnownFileType = file.xib; path = WelcomeViewController.xib; sourceTree = "<group>"; };
		8F2BC3F41F057AC9006E62CC /* DrowsyDrivingFinal.app */ = {isa = PBXFileReference; explicitFileType = wrapper.application; includeInIndex = 0; path = DrowsyDrivingFinal.app; sourceTree = BUILT_PRODUCTS_DIR; };
		8F2BC3F71F057AC9006E62CC /* AppDelegate.swift */ = {isa = PBXFileReference; lastKnownFileType = sourcecode.swift; path = AppDelegate.swift; sourceTree = "<group>"; };
		8F2BC3F91F057AC9006E62CC /* GameScene.sks */ = {isa = PBXFileReference; lastKnownFileType = file.sks; path = GameScene.sks; sourceTree = "<group>"; };
		8F2BC3FB1F057AC9006E62CC /* Actions.sks */ = {isa = PBXFileReference; lastKnownFileType = file.sks; path = Actions.sks; sourceTree = "<group>"; };
		8F2BC3FD1F057AC9006E62CC /* GameScene.swift */ = {isa = PBXFileReference; lastKnownFileType = sourcecode.swift; path = GameScene.swift; sourceTree = "<group>"; };
		8F2BC3FF1F057AC9006E62CC /* GameViewController.swift */ = {isa = PBXFileReference; lastKnownFileType = sourcecode.swift; path = GameViewController.swift; sourceTree = "<group>"; };
		8F2BC4021F057AC9006E62CC /* Base */ = {isa = PBXFileReference; lastKnownFileType = file.storyboard; name = Base; path = Base.lproj/Main.storyboard; sourceTree = "<group>"; };
		8F2BC4041F057AC9006E62CC /* Assets.xcassets */ = {isa = PBXFileReference; lastKnownFileType = folder.assetcatalog; path = Assets.xcassets; sourceTree = "<group>"; };
		8F2BC4071F057AC9006E62CC /* Base */ = {isa = PBXFileReference; lastKnownFileType = file.storyboard; name = Base; path = Base.lproj/LaunchScreen.storyboard; sourceTree = "<group>"; };
		8F2BC4091F057AC9006E62CC /* Info.plist */ = {isa = PBXFileReference; lastKnownFileType = text.plist.xml; path = Info.plist; sourceTree = "<group>"; };
		8F2BC40E1F057AC9006E62CC /* DrowsyDrivingFinalTests.xctest */ = {isa = PBXFileReference; explicitFileType = wrapper.cfbundle; includeInIndex = 0; path = DrowsyDrivingFinalTests.xctest; sourceTree = BUILT_PRODUCTS_DIR; };
		8F2BC4121F057AC9006E62CC /* DrowsyDrivingFinalTests.swift */ = {isa = PBXFileReference; lastKnownFileType = sourcecode.swift; path = DrowsyDrivingFinalTests.swift; sourceTree = "<group>"; };
		8F2BC4141F057AC9006E62CC /* Info.plist */ = {isa = PBXFileReference; lastKnownFileType = text.plist.xml; path = Info.plist; sourceTree = "<group>"; };
		8F2BC4191F057AC9006E62CC /* DrowsyDrivingFinalUITests.xctest */ = {isa = PBXFileReference; explicitFileType = wrapper.cfbundle; includeInIndex = 0; path = DrowsyDrivingFinalUITests.xctest; sourceTree = BUILT_PRODUCTS_DIR; };
		8F2BC41D1F057AC9006E62CC /* DrowsyDrivingFinalUITests.swift */ = {isa = PBXFileReference; lastKnownFileType = sourcecode.swift; path = DrowsyDrivingFinalUITests.swift; sourceTree = "<group>"; };
		8F2BC41F1F057AC9006E62CC /* Info.plist */ = {isa = PBXFileReference; lastKnownFileType = text.plist.xml; path = Info.plist; sourceTree = "<group>"; };
/* End PBXFileReference section */

/* Begin PBXFrameworksBuildPhase section */
		8F2BC3F11F057AC9006E62CC /* Frameworks */ = {
			isa = PBXFrameworksBuildPhase;
			buildActionMask = 2147483647;
			files = (
			);
			runOnlyForDeploymentPostprocessing = 0;
		};
		8F2BC40B1F057AC9006E62CC /* Frameworks */ = {
			isa = PBXFrameworksBuildPhase;
			buildActionMask = 2147483647;
			files = (
			);
			runOnlyForDeploymentPostprocessing = 0;
		};
		8F2BC4161F057AC9006E62CC /* Frameworks */ = {
			isa = PBXFrameworksBuildPhase;
			buildActionMask = 2147483647;
			files = (
			);
			runOnlyForDeploymentPostprocessing = 0;
		};
/* End PBXFrameworksBuildPhase section */

/* Begin PBXGroup section */
		8F2BC3EB1F057AC9006E62CC = {
			isa = PBXGroup;
			children = (
				8F2BC3F61F057AC9006E62CC /* DrowsyDrivingFinal */,
				8F2BC4111F057AC9006E62CC /* DrowsyDrivingFinalTests */,
				8F2BC41C1F057AC9006E62CC /* DrowsyDrivingFinalUITests */,
				8F2BC3F51F057AC9006E62CC /* Products */,
			);
			sourceTree = "<group>";
		};
		8F2BC3F51F057AC9006E62CC /* Products */ = {
			isa = PBXGroup;
			children = (
				8F2BC3F41F057AC9006E62CC /* DrowsyDrivingFinal.app */,
				8F2BC40E1F057AC9006E62CC /* DrowsyDrivingFinalTests.xctest */,
				8F2BC4191F057AC9006E62CC /* DrowsyDrivingFinalUITests.xctest */,
			);
			name = Products;
			sourceTree = "<group>";
		};
		8F2BC3F61F057AC9006E62CC /* DrowsyDrivingFinal */ = {
			isa = PBXGroup;
			children = (
				8F2BC3F71F057AC9006E62CC /* AppDelegate.swift */,
				8F2BC3F91F057AC9006E62CC /* GameScene.sks */,
				8F2BC3FB1F057AC9006E62CC /* Actions.sks */,
				8F2BC3FD1F057AC9006E62CC /* GameScene.swift */,
				8F2BC3FF1F057AC9006E62CC /* GameViewController.swift */,
				8F2BC4011F057AC9006E62CC /* Main.storyboard */,
				8F2BC4041F057AC9006E62CC /* Assets.xcassets */,
				8F2BC4061F057AC9006E62CC /* LaunchScreen.storyboard */,
				8F2BC4091F057AC9006E62CC /* Info.plist */,
				1F2A9F001F0582D9001304D1 /* WelcomeViewController.swift */,
				1F2A9F011F0582D9001304D1 /* WelcomeViewController.xib */,
			);
			path = DrowsyDrivingFinal;
			sourceTree = "<group>";
		};
		8F2BC4111F057AC9006E62CC /* DrowsyDrivingFinalTests */ = {
			isa = PBXGroup;
			children = (
				8F2BC4121F057AC9006E62CC /* DrowsyDrivingFinalTests.swift */,
				8F2BC4141F057AC9006E62CC /* Info.plist */,
			);
			path = DrowsyDrivingFinalTests;
			sourceTree = "<group>";
		};
		8F2BC41C1F057AC9006E62CC /* DrowsyDrivingFinalUITests */ = {
			isa = PBXGroup;
			children = (
				8F2BC41D1F057AC9006E62CC /* DrowsyDrivingFinalUITests.swift */,
				8F2BC41F1F057AC9006E62CC /* Info.plist */,
			);
			path = DrowsyDrivingFinalUITests;
			sourceTree = "<group>";
		};
/* End PBXGroup section */

/* Begin PBXNativeTarget section */
		8F2BC3F31F057AC9006E62CC /* DrowsyDrivingFinal */ = {
			isa = PBXNativeTarget;
			buildConfigurationList = 8F2BC4221F057AC9006E62CC /* Build configuration list for PBXNativeTarget "DrowsyDrivingFinal" */;
			buildPhases = (
				8F2BC3F01F057AC9006E62CC /* Sources */,
				8F2BC3F11F057AC9006E62CC /* Frameworks */,
				8F2BC3F21F057AC9006E62CC /* Resources */,
			);
			buildRules = (
			);
			dependencies = (
			);
			name = DrowsyDrivingFinal;
			productName = DrowsyDrivingFinal;
			productReference = 8F2BC3F41F057AC9006E62CC /* DrowsyDrivingFinal.app */;
			productType = "com.apple.product-type.application";
		};
		8F2BC40D1F057AC9006E62CC /* DrowsyDrivingFinalTests */ = {
			isa = PBXNativeTarget;
			buildConfigurationList = 8F2BC4251F057AC9006E62CC /* Build configuration list for PBXNativeTarget "DrowsyDrivingFinalTests" */;
			buildPhases = (
				8F2BC40A1F057AC9006E62CC /* Sources */,
				8F2BC40B1F057AC9006E62CC /* Frameworks */,
				8F2BC40C1F057AC9006E62CC /* Resources */,
			);
			buildRules = (
			);
			dependencies = (
				8F2BC4101F057AC9006E62CC /* PBXTargetDependency */,
			);
			name = DrowsyDrivingFinalTests;
			productName = DrowsyDrivingFinalTests;
			productReference = 8F2BC40E1F057AC9006E62CC /* DrowsyDrivingFinalTests.xctest */;
			productType = "com.apple.product-type.bundle.unit-test";
		};
		8F2BC4181F057AC9006E62CC /* DrowsyDrivingFinalUITests */ = {
			isa = PBXNativeTarget;
			buildConfigurationList = 8F2BC4281F057AC9006E62CC /* Build configuration list for PBXNativeTarget "DrowsyDrivingFinalUITests" */;
			buildPhases = (
				8F2BC4151F057AC9006E62CC /* Sources */,
				8F2BC4161F057AC9006E62CC /* Frameworks */,
				8F2BC4171F057AC9006E62CC /* Resources */,
			);
			buildRules = (
			);
			dependencies = (
				8F2BC41B1F057AC9006E62CC /* PBXTargetDependency */,
			);
			name = DrowsyDrivingFinalUITests;
			productName = DrowsyDrivingFinalUITests;
			productReference = 8F2BC4191F057AC9006E62CC /* DrowsyDrivingFinalUITests.xctest */;
			productType = "com.apple.product-type.bundle.ui-testing";
		};
/* End PBXNativeTarget section */

/* Begin PBXProject section */
		8F2BC3EC1F057AC9006E62CC /* Project object */ = {
			isa = PBXProject;
			attributes = {
				LastSwiftUpdateCheck = 0830;
				LastUpgradeCheck = 0830;
				ORGANIZATIONNAME = UserFreedom;
				TargetAttributes = {
					8F2BC3F31F057AC9006E62CC = {
						CreatedOnToolsVersion = 8.3.3;
						DevelopmentTeam = 69V9K5RXPS;
						ProvisioningStyle = Automatic;
					};
					8F2BC40D1F057AC9006E62CC = {
						CreatedOnToolsVersion = 8.3.3;
						ProvisioningStyle = Automatic;
						TestTargetID = 8F2BC3F31F057AC9006E62CC;
					};
					8F2BC4181F057AC9006E62CC = {
						CreatedOnToolsVersion = 8.3.3;
						ProvisioningStyle = Automatic;
						TestTargetID = 8F2BC3F31F057AC9006E62CC;
					};
				};
			};
			buildConfigurationList = 8F2BC3EF1F057AC9006E62CC /* Build configuration list for PBXProject "DrowsyDrivingFinal" */;
			compatibilityVersion = "Xcode 3.2";
			developmentRegion = English;
			hasScannedForEncodings = 0;
			knownRegions = (
				en,
				Base,
			);
			mainGroup = 8F2BC3EB1F057AC9006E62CC;
			productRefGroup = 8F2BC3F51F057AC9006E62CC /* Products */;
			projectDirPath = "";
			projectRoot = "";
			targets = (
				8F2BC3F31F057AC9006E62CC /* DrowsyDrivingFinal */,
				8F2BC40D1F057AC9006E62CC /* DrowsyDrivingFinalTests */,
				8F2BC4181F057AC9006E62CC /* DrowsyDrivingFinalUITests */,
			);
		};
/* End PBXProject section */

/* Begin PBXResourcesBuildPhase section */
		8F2BC3F21F057AC9006E62CC /* Resources */ = {
			isa = PBXResourcesBuildPhase;
			buildActionMask = 2147483647;
			files = (
				8F2BC4031F057AC9006E62CC /* Main.storyboard in Resources */,
				8F2BC3FA1F057AC9006E62CC /* GameScene.sks in Resources */,
				8F2BC4051F057AC9006E62CC /* Assets.xcassets in Resources */,
				8F2BC4081F057AC9006E62CC /* LaunchScreen.storyboard in Resources */,
				8F2BC3FC1F057AC9006E62CC /* Actions.sks in Resources */,
				1F2A9F031F0582D9001304D1 /* WelcomeViewController.xib in Resources */,
			);
			runOnlyForDeploymentPostprocessing = 0;
		};
		8F2BC40C1F057AC9006E62CC /* Resources */ = {
			isa = PBXResourcesBuildPhase;
			buildActionMask = 2147483647;
			files = (
			);
			runOnlyForDeploymentPostprocessing = 0;
		};
		8F2BC4171F057AC9006E62CC /* Resources */ = {
			isa = PBXResourcesBuildPhase;
			buildActionMask = 2147483647;
			files = (
			);
			runOnlyForDeploymentPostprocessing = 0;
		};
/* End PBXResourcesBuildPhase section */

/* Begin PBXSourcesBuildPhase section */
		8F2BC3F01F057AC9006E62CC /* Sources */ = {
			isa = PBXSourcesBuildPhase;
			buildActionMask = 2147483647;
			files = (
				8F2BC3FE1F057AC9006E62CC /* GameScene.swift in Sources */,
				1F2A9F021F0582D9001304D1 /* WelcomeViewController.swift in Sources */,
				8F2BC4001F057AC9006E62CC /* GameViewController.swift in Sources */,
				8F2BC3F81F057AC9006E62CC /* AppDelegate.swift in Sources */,
			);
			runOnlyForDeploymentPostprocessing = 0;
		};
		8F2BC40A1F057AC9006E62CC /* Sources */ = {
			isa = PBXSourcesBuildPhase;
			buildActionMask = 2147483647;
			files = (
				8F2BC4131F057AC9006E62CC /* DrowsyDrivingFinalTests.swift in Sources */,
			);
			runOnlyForDeploymentPostprocessing = 0;
		};
		8F2BC4151F057AC9006E62CC /* Sources */ = {
			isa = PBXSourcesBuildPhase;
			buildActionMask = 2147483647;
			files = (
				8F2BC41E1F057AC9006E62CC /* DrowsyDrivingFinalUITests.swift in Sources */,
			);
			runOnlyForDeploymentPostprocessing = 0;
		};
/* End PBXSourcesBuildPhase section */

/* Begin PBXTargetDependency section */
		8F2BC4101F057AC9006E62CC /* PBXTargetDependency */ = {
			isa = PBXTargetDependency;
			target = 8F2BC3F31F057AC9006E62CC /* DrowsyDrivingFinal */;
			targetProxy = 8F2BC40F1F057AC9006E62CC /* PBXContainerItemProxy */;
		};
		8F2BC41B1F057AC9006E62CC /* PBXTargetDependency */ = {
			isa = PBXTargetDependency;
			target = 8F2BC3F31F057AC9006E62CC /* DrowsyDrivingFinal */;
			targetProxy = 8F2BC41A1F057AC9006E62CC /* PBXContainerItemProxy */;
		};
/* End PBXTargetDependency section */

/* Begin PBXVariantGroup section */
		8F2BC4011F057AC9006E62CC /* Main.storyboard */ = {
			isa = PBXVariantGroup;
			children = (
				8F2BC4021F057AC9006E62CC /* Base */,
			);
			name = Main.storyboard;
			sourceTree = "<group>";
		};
		8F2BC4061F057AC9006E62CC /* LaunchScreen.storyboard */ = {
			isa = PBXVariantGroup;
			children = (
				8F2BC4071F057AC9006E62CC /* Base */,
			);
			name = LaunchScreen.storyboard;
			sourceTree = "<group>";
		};
/* End PBXVariantGroup section */

/* Begin XCBuildConfiguration section */
		8F2BC4201F057AC9006E62CC /* Debug */ = {
			isa = XCBuildConfiguration;
			buildSettings = {
				ALWAYS_SEARCH_USER_PATHS = NO;
				CLANG_ANALYZER_NONNULL = YES;
				CLANG_ANALYZER_NUMBER_OBJECT_CONVERSION = YES_AGGRESSIVE;
				CLANG_CXX_LANGUAGE_STANDARD = "gnu++0x";
				CLANG_CXX_LIBRARY = "libc++";
				CLANG_ENABLE_MODULES = YES;
				CLANG_ENABLE_OBJC_ARC = YES;
				CLANG_WARN_BOOL_CONVERSION = YES;
				CLANG_WARN_CONSTANT_CONVERSION = YES;
				CLANG_WARN_DIRECT_OBJC_ISA_USAGE = YES_ERROR;
				CLANG_WARN_DOCUMENTATION_COMMENTS = YES;
				CLANG_WARN_EMPTY_BODY = YES;
				CLANG_WARN_ENUM_CONVERSION = YES;
				CLANG_WARN_INFINITE_RECURSION = YES;
				CLANG_WARN_INT_CONVERSION = YES;
				CLANG_WARN_OBJC_ROOT_CLASS = YES_ERROR;
				CLANG_WARN_SUSPICIOUS_MOVE = YES;
				CLANG_WARN_UNREACHABLE_CODE = YES;
				CLANG_WARN__DUPLICATE_METHOD_MATCH = YES;
				"CODE_SIGN_IDENTITY[sdk=iphoneos*]" = "iPhone Developer";
				COPY_PHASE_STRIP = NO;
				DEBUG_INFORMATION_FORMAT = dwarf;
				ENABLE_STRICT_OBJC_MSGSEND = YES;
				ENABLE_TESTABILITY = YES;
				GCC_C_LANGUAGE_STANDARD = gnu99;
				GCC_DYNAMIC_NO_PIC = NO;
				GCC_NO_COMMON_BLOCKS = YES;
				GCC_OPTIMIZATION_LEVEL = 0;
				GCC_PREPROCESSOR_DEFINITIONS = (
					"DEBUG=1",
					"$(inherited)",
				);
				GCC_WARN_64_TO_32_BIT_CONVERSION = YES;
				GCC_WARN_ABOUT_RETURN_TYPE = YES_ERROR;
				GCC_WARN_UNDECLARED_SELECTOR = YES;
				GCC_WARN_UNINITIALIZED_AUTOS = YES_AGGRESSIVE;
				GCC_WARN_UNUSED_FUNCTION = YES;
				GCC_WARN_UNUSED_VARIABLE = YES;
				IPHONEOS_DEPLOYMENT_TARGET = 10.3;
				MTL_ENABLE_DEBUG_INFO = YES;
				ONLY_ACTIVE_ARCH = YES;
				SDKROOT = iphoneos;
				SWIFT_ACTIVE_COMPILATION_CONDITIONS = DEBUG;
				SWIFT_OPTIMIZATION_LEVEL = "-Onone";
				TARGETED_DEVICE_FAMILY = "1,2";
			};
			name = Debug;
		};
		8F2BC4211F057AC9006E62CC /* Release */ = {
			isa = XCBuildConfiguration;
			buildSettings = {
				ALWAYS_SEARCH_USER_PATHS = NO;
				CLANG_ANALYZER_NONNULL = YES;
				CLANG_ANALYZER_NUMBER_OBJECT_CONVERSION = YES_AGGRESSIVE;
				CLANG_CXX_LANGUAGE_STANDARD = "gnu++0x";
				CLANG_CXX_LIBRARY = "libc++";
				CLANG_ENABLE_MODULES = YES;
				CLANG_ENABLE_OBJC_ARC = YES;
				CLANG_WARN_BOOL_CONVERSION = YES;
				CLANG_WARN_CONSTANT_CONVERSION = YES;
				CLANG_WARN_DIRECT_OBJC_ISA_USAGE = YES_ERROR;
				CLANG_WARN_DOCUMENTATION_COMMENTS = YES;
				CLANG_WARN_EMPTY_BODY = YES;
				CLANG_WARN_ENUM_CONVERSION = YES;
				CLANG_WARN_INFINITE_RECURSION = YES;
				CLANG_WARN_INT_CONVERSION = YES;
				CLANG_WARN_OBJC_ROOT_CLASS = YES_ERROR;
				CLANG_WARN_SUSPICIOUS_MOVE = YES;
				CLANG_WARN_UNREACHABLE_CODE = YES;
				CLANG_WARN__DUPLICATE_METHOD_MATCH = YES;
				"CODE_SIGN_IDENTITY[sdk=iphoneos*]" = "iPhone Developer";
				COPY_PHASE_STRIP = NO;
				DEBUG_INFORMATION_FORMAT = "dwarf-with-dsym";
				ENABLE_NS_ASSERTIONS = NO;
				ENABLE_STRICT_OBJC_MSGSEND = YES;
				GCC_C_LANGUAGE_STANDARD = gnu99;
				GCC_NO_COMMON_BLOCKS = YES;
				GCC_WARN_64_TO_32_BIT_CONVERSION = YES;
				GCC_WARN_ABOUT_RETURN_TYPE = YES_ERROR;
				GCC_WARN_UNDECLARED_SELECTOR = YES;
				GCC_WARN_UNINITIALIZED_AUTOS = YES_AGGRESSIVE;
				GCC_WARN_UNUSED_FUNCTION = YES;
				GCC_WARN_UNUSED_VARIABLE = YES;
				IPHONEOS_DEPLOYMENT_TARGET = 10.3;
				MTL_ENABLE_DEBUG_INFO = NO;
				SDKROOT = iphoneos;
				SWIFT_OPTIMIZATION_LEVEL = "-Owholemodule";
				TARGETED_DEVICE_FAMILY = "1,2";
				VALIDATE_PRODUCT = YES;
			};
			name = Release;
		};
		8F2BC4231F057AC9006E62CC /* Debug */ = {
			isa = XCBuildConfiguration;
			buildSettings = {
				ASSETCATALOG_COMPILER_APPICON_NAME = AppIcon;
				DEVELOPMENT_TEAM = 69V9K5RXPS;
				INFOPLIST_FILE = DrowsyDrivingFinal/Info.plist;
				IPHONEOS_DEPLOYMENT_TARGET = 10.3;
				LD_RUNPATH_SEARCH_PATHS = "$(inherited) @executable_path/Frameworks";
				PRODUCT_BUNDLE_IDENTIFIER = UsrFrdm.DrowsyDrivingFinal;
				PRODUCT_NAME = "$(TARGET_NAME)";
				SWIFT_VERSION = 3.0;
			};
			name = Debug;
		};
		8F2BC4241F057AC9006E62CC /* Release */ = {
			isa = XCBuildConfiguration;
			buildSettings = {
				ASSETCATALOG_COMPILER_APPICON_NAME = AppIcon;
				DEVELOPMENT_TEAM = 69V9K5RXPS;
				INFOPLIST_FILE = DrowsyDrivingFinal/Info.plist;
				IPHONEOS_DEPLOYMENT_TARGET = 10.3;
				LD_RUNPATH_SEARCH_PATHS = "$(inherited) @executable_path/Frameworks";
				PRODUCT_BUNDLE_IDENTIFIER = UsrFrdm.DrowsyDrivingFinal;
				PRODUCT_NAME = "$(TARGET_NAME)";
				SWIFT_VERSION = 3.0;
			};
			name = Release;
		};
		8F2BC4261F057AC9006E62CC /* Debug */ = {
			isa = XCBuildConfiguration;
			buildSettings = {
				ALWAYS_EMBED_SWIFT_STANDARD_LIBRARIES = YES;
				BUNDLE_LOADER = "$(TEST_HOST)";
				INFOPLIST_FILE = DrowsyDrivingFinalTests/Info.plist;
				LD_RUNPATH_SEARCH_PATHS = "$(inherited) @executable_path/Frameworks @loader_path/Frameworks";
				PRODUCT_BUNDLE_IDENTIFIER = UsrFrdm.DrowsyDrivingFinalTests;
				PRODUCT_NAME = "$(TARGET_NAME)";
				SWIFT_VERSION = 3.0;
				TEST_HOST = "$(BUILT_PRODUCTS_DIR)/DrowsyDrivingFinal.app/DrowsyDrivingFinal";
			};
			name = Debug;
		};
		8F2BC4271F057AC9006E62CC /* Release */ = {
			isa = XCBuildConfiguration;
			buildSettings = {
				ALWAYS_EMBED_SWIFT_STANDARD_LIBRARIES = YES;
				BUNDLE_LOADER = "$(TEST_HOST)";
				INFOPLIST_FILE = DrowsyDrivingFinalTests/Info.plist;
				LD_RUNPATH_SEARCH_PATHS = "$(inherited) @executable_path/Frameworks @loader_path/Frameworks";
				PRODUCT_BUNDLE_IDENTIFIER = UsrFrdm.DrowsyDrivingFinalTests;
				PRODUCT_NAME = "$(TARGET_NAME)";
				SWIFT_VERSION = 3.0;
				TEST_HOST = "$(BUILT_PRODUCTS_DIR)/DrowsyDrivingFinal.app/DrowsyDrivingFinal";
			};
			name = Release;
		};
		8F2BC4291F057AC9006E62CC /* Debug */ = {
			isa = XCBuildConfiguration;
			buildSettings = {
				ALWAYS_EMBED_SWIFT_STANDARD_LIBRARIES = YES;
				INFOPLIST_FILE = DrowsyDrivingFinalUITests/Info.plist;
				LD_RUNPATH_SEARCH_PATHS = "$(inherited) @executable_path/Frameworks @loader_path/Frameworks";
				PRODUCT_BUNDLE_IDENTIFIER = UsrFrdm.DrowsyDrivingFinalUITests;
				PRODUCT_NAME = "$(TARGET_NAME)";
				SWIFT_VERSION = 3.0;
				TEST_TARGET_NAME = DrowsyDrivingFinal;
			};
			name = Debug;
		};
		8F2BC42A1F057AC9006E62CC /* Release */ = {
			isa = XCBuildConfiguration;
			buildSettings = {
				ALWAYS_EMBED_SWIFT_STANDARD_LIBRARIES = YES;
				INFOPLIST_FILE = DrowsyDrivingFinalUITests/Info.plist;
				LD_RUNPATH_SEARCH_PATHS = "$(inherited) @executable_path/Frameworks @loader_path/Frameworks";
				PRODUCT_BUNDLE_IDENTIFIER = UsrFrdm.DrowsyDrivingFinalUITests;
				PRODUCT_NAME = "$(TARGET_NAME)";
				SWIFT_VERSION = 3.0;
				TEST_TARGET_NAME = DrowsyDrivingFinal;
			};
			name = Release;
		};
/* End XCBuildConfiguration section */

/* Begin XCConfigurationList section */
		8F2BC3EF1F057AC9006E62CC /* Build configuration list for PBXProject "DrowsyDrivingFinal" */ = {
			isa = XCConfigurationList;
			buildConfigurations = (
				8F2BC4201F057AC9006E62CC /* Debug */,
				8F2BC4211F057AC9006E62CC /* Release */,
			);
			defaultConfigurationIsVisible = 0;
			defaultConfigurationName = Release;
		};
		8F2BC4221F057AC9006E62CC /* Build configuration list for PBXNativeTarget "DrowsyDrivingFinal" */ = {
			isa = XCConfigurationList;
			buildConfigurations = (
				8F2BC4231F057AC9006E62CC /* Debug */,
				8F2BC4241F057AC9006E62CC /* Release */,
			);
			defaultConfigurationIsVisible = 0;
			defaultConfigurationName = Release;
		};
		8F2BC4251F057AC9006E62CC /* Build configuration list for PBXNativeTarget "DrowsyDrivingFinalTests" */ = {
			isa = XCConfigurationList;
			buildConfigurations = (
				8F2BC4261F057AC9006E62CC /* Debug */,
				8F2BC4271F057AC9006E62CC /* Release */,
			);
			defaultConfigurationIsVisible = 0;
			defaultConfigurationName = Release;
		};
		8F2BC4281F057AC9006E62CC /* Build configuration list for PBXNativeTarget "DrowsyDrivingFinalUITests" */ = {
			isa = XCConfigurationList;
			buildConfigurations = (
				8F2BC4291F057AC9006E62CC /* Debug */,
				8F2BC42A1F057AC9006E62CC /* Release */,
			);
			defaultConfigurationIsVisible = 0;
			defaultConfigurationName = Release;
		};
/* End XCConfigurationList section */
	};
	rootObject = 8F2BC3EC1F057AC9006E62CC /* Project object */;
}
